
Microsoft Visual Studio Solution File, Format Version 12.00
# Visual Studio Version 16
VisualStudioVersion = 16.0.30717.126
MinimumVisualStudioVersion = 10.0.40219.1
Project("{FAE04EC0-301F-11D3-BF4B-00C04F79EFBC}") = "ExamenDashboard", "ExamenDashboard\ExamenDashboard.csproj", "{501C8E37-826F-482C-A10F-4829B4D0A244}"
EndProject
Project("{2150E333-8FDC-42A3-9474-1A3956D46DE8}") = "DAL", "DAL", "{A108F218-5967-4F66-A365-2A565225738C}"
EndProject
Project("{2150E333-8FDC-42A3-9474-1A3956D46DE8}") = "BLL", "BLL", "{11A7829A-51D3-4810-AF9B-C2D342863C54}"
EndProject
Project("{2150E333-8FDC-42A3-9474-1A3956D46DE8}") = "UTILIDADES", "UTILIDADES", "{6EAA3FB3-8492-478B-BB6D-B5567D77595A}"
EndProject
Project("{2150E333-8FDC-42A3-9474-1A3956D46DE8}") = "UI", "UI", "{FB474AE1-0F55-4EFC-A71C-2267C94AF071}"
EndProject
Project("{FAE04EC0-301F-11D3-BF4B-00C04F79EFBC}") = "Elementos", "Elementos\Elementos.csproj", "{3376FE2D-3690-4526-8DF5-C97868BE2C9D}"
EndProject
Global
	GlobalSection(SolutionConfigurationPlatforms) = preSolution
		Debug|Any CPU = Debug|Any CPU
		Release|Any CPU = Release|Any CPU
	EndGlobalSection
	GlobalSection(ProjectConfigurationPlatforms) = postSolution
		{501C8E37-826F-482C-A10F-4829B4D0A244}.Debug|Any CPU.ActiveCfg = Debug|Any CPU
		{501C8E37-826F-482C-A10F-4829B4D0A244}.Debug|Any CPU.Build.0 = Debug|Any CPU
		{501C8E37-826F-482C-A10F-4829B4D0A244}.Release|Any CPU.ActiveCfg = Release|Any CPU
		{501C8E37-826F-482C-A10F-4829B4D0A244}.Release|Any CPU.Build.0 = Release|Any CPU
		{3376FE2D-3690-4526-8DF5-C97868BE2C9D}.Debug|Any CPU.ActiveCfg = Debug|Any CPU
		{3376FE2D-3690-4526-8DF5-C97868BE2C9D}.Debug|Any CPU.Build.0 = Debug|Any CPU
		{3376FE2D-3690-4526-8DF5-C97868BE2C9D}.Release|Any CPU.ActiveCfg = Release|Any CPU
		{3376FE2D-3690-4526-8DF5-C97868BE2C9D}.Release|Any CPU.Build.0 = Release|Any CPU
	EndGlobalSection
	GlobalSection(SolutionProperties) = preSolution
		HideSolutionNode = FALSE
	EndGlobalSection
	GlobalSection(NestedProjects) = preSolution
		{501C8E37-826F-482C-A10F-4829B4D0A244} = {FB474AE1-0F55-4EFC-A71C-2267C94AF071}
		{3376FE2D-3690-4526-8DF5-C97868BE2C9D} = {6EAA3FB3-8492-478B-BB6D-B5567D77595A}
	EndGlobalSection
	GlobalSection(ExtensibilityGlobals) = postSolution
		SolutionGuid = {6D54E5BC-9D06-4FA3-9159-89B4095C8CD1}
	EndGlobalSection
EndGlobal
